
Microsoft Visual Studio Solution File, Format Version 12.00
# Visual Studio Version 17
VisualStudioVersion = 17.8.34525.116
MinimumVisualStudioVersion = 10.0.40219.1
Project("{FAE04EC0-301F-11D3-BF4B-00C04F79EFBC}") = "ProducerConsumerApp", "ProducerConsumerApp.csproj", "{69063C38-DEF5-405D-A19E-0BFF5743B839}"
EndProject
Project("{FAE04EC0-301F-11D3-BF4B-00C04F79EFBC}") = "ProducerConsumerApp.Tests", "..\ProducerConsumerApp.Tests\ProducerConsumerApp.Tests.csproj", "{C47461C3-77F8-4810-AEE9-33FA1A550035}"
EndProject
Global
	GlobalSection(SolutionConfigurationPlatforms) = preSolution
		Debug|Any CPU = Debug|Any CPU
		Release|Any CPU = Release|Any CPU
	EndGlobalSection
	GlobalSection(ProjectConfigurationPlatforms) = postSolution
		{69063C38-DEF5-405D-A19E-0BFF5743B839}.Debug|Any CPU.ActiveCfg = Debug|Any CPU
		{69063C38-DEF5-405D-A19E-0BFF5743B839}.Debug|Any CPU.Build.0 = Debug|Any CPU
		{69063C38-DEF5-405D-A19E-0BFF5743B839}.Release|Any CPU.ActiveCfg = Release|Any CPU
		{69063C38-DEF5-405D-A19E-0BFF5743B839}.Release|Any CPU.Build.0 = Release|Any CPU
		{C47461C3-77F8-4810-AEE9-33FA1A550035}.Debug|Any CPU.ActiveCfg = Debug|Any CPU
		{C47461C3-77F8-4810-AEE9-33FA1A550035}.Debug|Any CPU.Build.0 = Debug|Any CPU
		{C47461C3-77F8-4810-AEE9-33FA1A550035}.Release|Any CPU.ActiveCfg = Release|Any CPU
		{C47461C3-77F8-4810-AEE9-33FA1A550035}.Release|Any CPU.Build.0 = Release|Any CPU
	EndGlobalSection
	GlobalSection(SolutionProperties) = preSolution
		HideSolutionNode = FALSE
	EndGlobalSection
	GlobalSection(ExtensibilityGlobals) = postSolution
		SolutionGuid = {95C707E8-1194-4C7C-96B8-D8EDF23F4094}
	EndGlobalSection
EndGlobal
